
Microsoft Visual Studio Solution File, Format Version 12.00
# Visual Studio Version 17
VisualStudioVersion = 17.0.32112.339
MinimumVisualStudioVersion = 10.0.40219.1
Project("{2150E333-8FDC-42A3-9474-1A3956D46DE8}") = "Services", "Services", "{85B2F2CD-B4EF-4A62-ABEF-21209E03093E}"
EndProject
Project("{2150E333-8FDC-42A3-9474-1A3956D46DE8}") = "Catalog", "Catalog", "{A46834A4-E6C0-4159-AE33-21DE3C1D1E40}"
EndProject
Project("{9A19103F-16F7-4668-BE54-9A1E7A4F7556}") = "Catalog.Api", "Services\Catalog\Catalog.Api\Catalog.Api.csproj", "{F0315084-41A4-4D79-AE06-5C17159107B0}"
EndProject
Project("{E53339B2-1760-4266-BCC7-CA923CBCF16C}") = "docker-compose", "docker-compose.dcproj", "{E16D5D00-C6D2-4B1A-BDF5-04172A52EB2D}"
EndProject
Project("{2150E333-8FDC-42A3-9474-1A3956D46DE8}") = "Basket", "Basket", "{CFC7E4DB-B51B-4987-8082-512C4FECE103}"
EndProject
Project("{FAE04EC0-301F-11D3-BF4B-00C04F79EFBC}") = "Basket.Api", "Services\Basket\Basket.Api\Basket.Api.csproj", "{12D565C7-0834-43E7-8345-582ADAE6CA3E}"
EndProject
Project("{2150E333-8FDC-42A3-9474-1A3956D46DE8}") = "Discount", "Discount", "{444BEEFE-18FD-4160-989B-A48305109723}"
EndProject
Project("{FAE04EC0-301F-11D3-BF4B-00C04F79EFBC}") = "Discount.Api", "Services\Discount\Discount.Api\Discount.Api.csproj", "{31CE738A-837B-4F58-B0D7-CCBFEC1C1A92}"
EndProject
Global
	GlobalSection(SolutionConfigurationPlatforms) = preSolution
		Debug|Any CPU = Debug|Any CPU
		Release|Any CPU = Release|Any CPU
	EndGlobalSection
	GlobalSection(ProjectConfigurationPlatforms) = postSolution
		{F0315084-41A4-4D79-AE06-5C17159107B0}.Debug|Any CPU.ActiveCfg = Debug|Any CPU
		{F0315084-41A4-4D79-AE06-5C17159107B0}.Debug|Any CPU.Build.0 = Debug|Any CPU
		{F0315084-41A4-4D79-AE06-5C17159107B0}.Release|Any CPU.ActiveCfg = Release|Any CPU
		{F0315084-41A4-4D79-AE06-5C17159107B0}.Release|Any CPU.Build.0 = Release|Any CPU
		{E16D5D00-C6D2-4B1A-BDF5-04172A52EB2D}.Debug|Any CPU.ActiveCfg = Debug|Any CPU
		{E16D5D00-C6D2-4B1A-BDF5-04172A52EB2D}.Debug|Any CPU.Build.0 = Debug|Any CPU
		{E16D5D00-C6D2-4B1A-BDF5-04172A52EB2D}.Release|Any CPU.ActiveCfg = Release|Any CPU
		{E16D5D00-C6D2-4B1A-BDF5-04172A52EB2D}.Release|Any CPU.Build.0 = Release|Any CPU
		{12D565C7-0834-43E7-8345-582ADAE6CA3E}.Debug|Any CPU.ActiveCfg = Debug|Any CPU
		{12D565C7-0834-43E7-8345-582ADAE6CA3E}.Debug|Any CPU.Build.0 = Debug|Any CPU
		{12D565C7-0834-43E7-8345-582ADAE6CA3E}.Release|Any CPU.ActiveCfg = Release|Any CPU
		{12D565C7-0834-43E7-8345-582ADAE6CA3E}.Release|Any CPU.Build.0 = Release|Any CPU
		{31CE738A-837B-4F58-B0D7-CCBFEC1C1A92}.Debug|Any CPU.ActiveCfg = Debug|Any CPU
		{31CE738A-837B-4F58-B0D7-CCBFEC1C1A92}.Debug|Any CPU.Build.0 = Debug|Any CPU
		{31CE738A-837B-4F58-B0D7-CCBFEC1C1A92}.Release|Any CPU.ActiveCfg = Release|Any CPU
		{31CE738A-837B-4F58-B0D7-CCBFEC1C1A92}.Release|Any CPU.Build.0 = Release|Any CPU
	EndGlobalSection
	GlobalSection(SolutionProperties) = preSolution
		HideSolutionNode = FALSE
	EndGlobalSection
	GlobalSection(NestedProjects) = preSolution
		{A46834A4-E6C0-4159-AE33-21DE3C1D1E40} = {85B2F2CD-B4EF-4A62-ABEF-21209E03093E}
		{F0315084-41A4-4D79-AE06-5C17159107B0} = {A46834A4-E6C0-4159-AE33-21DE3C1D1E40}
		{CFC7E4DB-B51B-4987-8082-512C4FECE103} = {85B2F2CD-B4EF-4A62-ABEF-21209E03093E}
		{12D565C7-0834-43E7-8345-582ADAE6CA3E} = {CFC7E4DB-B51B-4987-8082-512C4FECE103}
		{444BEEFE-18FD-4160-989B-A48305109723} = {85B2F2CD-B4EF-4A62-ABEF-21209E03093E}
		{31CE738A-837B-4F58-B0D7-CCBFEC1C1A92} = {444BEEFE-18FD-4160-989B-A48305109723}
	EndGlobalSection
	GlobalSection(ExtensibilityGlobals) = postSolution
		SolutionGuid = {FF63130C-3500-483A-A701-6E475BED9CFD}
	EndGlobalSection
EndGlobal
